
Microsoft Visual Studio Solution File, Format Version 12.00
# Visual Studio Express 2013 for Windows
VisualStudioVersion = 12.0.30723.0
MinimumVisualStudioVersion = 10.0.40219.1
Project("{FAE04EC0-301F-11D3-BF4B-00C04F79EFBC}") = "PhotoGliderWindowsStore", "PhotoGliderWindowsStore\PhotoGliderWindowsStore.csproj", "{CF7587D6-C460-4B32-9F72-43526AED32A2}"
EndProject
Project("{FAE04EC0-301F-11D3-BF4B-00C04F79EFBC}") = "PhotoGliderPCL", "PhotoGliderPCL\PhotoGliderPCL.csproj", "{DC68517B-563D-4F5D-BF45-EAE0F882DCCF}"
EndProject
Project("{FAE04EC0-301F-11D3-BF4B-00C04F79EFBC}") = "PhotoGliderTest", "PhotoGliderTest\PhotoGliderTest.csproj", "{9BA3762C-9DF2-4B83-9757-C8736BC899F6}"
EndProject
Project("{FAE04EC0-301F-11D3-BF4B-00C04F79EFBC}") = "PhotoGliderIOS", "PhotoGliderIOS\PhotoGliderIOS.csproj", "{C7AB7BC2-9853-48CF-97E7-6BDE71BF63D2}"
EndProject
Project("{FAE04EC0-301F-11D3-BF4B-00C04F79EFBC}") = "PhotoGliderAndroid", "PhotoGliderAndroid\PhotoGliderAndroid.csproj", "{E7F0D3A5-FC91-4A9D-A93C-58E63C3E32A8}"
EndProject
Project("{FAE04EC0-301F-11D3-BF4B-00C04F79EFBC}") = "PhotoGliderForms", "PhotoGliderForms\PhotoGliderForms.csproj", "{369E5302-6587-4C6A-B330-F172A54C1FDE}"
EndProject
Project("{FAE04EC0-301F-11D3-BF4B-00C04F79EFBC}") = "PhotoGliderWP", "PhotoGliderWP\PhotoGliderWP.csproj", "{FC5C433C-D261-4215-8C5D-1496A0830F01}"
EndProject
Global
	GlobalSection(SolutionConfigurationPlatforms) = preSolution
		Ad-Hoc|Any CPU = Ad-Hoc|Any CPU
		Ad-Hoc|ARM = Ad-Hoc|ARM
		Ad-Hoc|iPhone = Ad-Hoc|iPhone
		Ad-Hoc|iPhoneSimulator = Ad-Hoc|iPhoneSimulator
		Ad-Hoc|x64 = Ad-Hoc|x64
		Ad-Hoc|x86 = Ad-Hoc|x86
		AppStore|Any CPU = AppStore|Any CPU
		AppStore|ARM = AppStore|ARM
		AppStore|iPhone = AppStore|iPhone
		AppStore|iPhoneSimulator = AppStore|iPhoneSimulator
		AppStore|x64 = AppStore|x64
		AppStore|x86 = AppStore|x86
		Debug|Any CPU = Debug|Any CPU
		Debug|ARM = Debug|ARM
		Debug|iPhone = Debug|iPhone
		Debug|iPhoneSimulator = Debug|iPhoneSimulator
		Debug|x64 = Debug|x64
		Debug|x86 = Debug|x86
		Release|Any CPU = Release|Any CPU
		Release|ARM = Release|ARM
		Release|iPhone = Release|iPhone
		Release|iPhoneSimulator = Release|iPhoneSimulator
		Release|x64 = Release|x64
		Release|x86 = Release|x86
	EndGlobalSection
	GlobalSection(ProjectConfigurationPlatforms) = postSolution
		{CF7587D6-C460-4B32-9F72-43526AED32A2}.Ad-Hoc|Any CPU.ActiveCfg = Release|Any CPU
		{CF7587D6-C460-4B32-9F72-43526AED32A2}.Ad-Hoc|Any CPU.Build.0 = Release|Any CPU
		{CF7587D6-C460-4B32-9F72-43526AED32A2}.Ad-Hoc|Any CPU.Deploy.0 = Release|Any CPU
		{CF7587D6-C460-4B32-9F72-43526AED32A2}.Ad-Hoc|ARM.ActiveCfg = Release|ARM
		{CF7587D6-C460-4B32-9F72-43526AED32A2}.Ad-Hoc|ARM.Build.0 = Release|ARM
		{CF7587D6-C460-4B32-9F72-43526AED32A2}.Ad-Hoc|ARM.Deploy.0 = Release|ARM
		{CF7587D6-C460-4B32-9F72-43526AED32A2}.Ad-Hoc|iPhone.ActiveCfg = Debug|Any CPU
		{CF7587D6-C460-4B32-9F72-43526AED32A2}.Ad-Hoc|iPhone.Build.0 = Debug|Any CPU
		{CF7587D6-C460-4B32-9F72-43526AED32A2}.Ad-Hoc|iPhoneSimulator.ActiveCfg = Release|Any CPU
		{CF7587D6-C460-4B32-9F72-43526AED32A2}.Ad-Hoc|x64.ActiveCfg = Release|x64
		{CF7587D6-C460-4B32-9F72-43526AED32A2}.Ad-Hoc|x64.Build.0 = Release|x64
		{CF7587D6-C460-4B32-9F72-43526AED32A2}.Ad-Hoc|x64.Deploy.0 = Release|x64
		{CF7587D6-C460-4B32-9F72-43526AED32A2}.Ad-Hoc|x86.ActiveCfg = Release|x86
		{CF7587D6-C460-4B32-9F72-43526AED32A2}.Ad-Hoc|x86.Build.0 = Release|x86
		{CF7587D6-C460-4B32-9F72-43526AED32A2}.Ad-Hoc|x86.Deploy.0 = Release|x86
		{CF7587D6-C460-4B32-9F72-43526AED32A2}.AppStore|Any CPU.ActiveCfg = Release|Any CPU
		{CF7587D6-C460-4B32-9F72-43526AED32A2}.AppStore|Any CPU.Build.0 = Release|Any CPU
		{CF7587D6-C460-4B32-9F72-43526AED32A2}.AppStore|Any CPU.Deploy.0 = Release|Any CPU
		{CF7587D6-C460-4B32-9F72-43526AED32A2}.AppStore|ARM.ActiveCfg = Release|ARM
		{CF7587D6-C460-4B32-9F72-43526AED32A2}.AppStore|ARM.Build.0 = Release|ARM
		{CF7587D6-C460-4B32-9F72-43526AED32A2}.AppStore|ARM.Deploy.0 = Release|ARM
		{CF7587D6-C460-4B32-9F72-43526AED32A2}.AppStore|iPhone.ActiveCfg = Debug|Any CPU
		{CF7587D6-C460-4B32-9F72-43526AED32A2}.AppStore|iPhone.Build.0 = Debug|Any CPU
		{CF7587D6-C460-4B32-9F72-43526AED32A2}.AppStore|iPhoneSimulator.ActiveCfg = Release|Any CPU
		{CF7587D6-C460-4B32-9F72-43526AED32A2}.AppStore|x64.ActiveCfg = Release|x64
		{CF7587D6-C460-4B32-9F72-43526AED32A2}.AppStore|x64.Build.0 = Release|x64
		{CF7587D6-C460-4B32-9F72-43526AED32A2}.AppStore|x64.Deploy.0 = Release|x64
		{CF7587D6-C460-4B32-9F72-43526AED32A2}.AppStore|x86.ActiveCfg = Release|x86
		{CF7587D6-C460-4B32-9F72-43526AED32A2}.AppStore|x86.Build.0 = Release|x86
		{CF7587D6-C460-4B32-9F72-43526AED32A2}.AppStore|x86.Deploy.0 = Release|x86
		{CF7587D6-C460-4B32-9F72-43526AED32A2}.Debug|Any CPU.ActiveCfg = Debug|Any CPU
		{CF7587D6-C460-4B32-9F72-43526AED32A2}.Debug|Any CPU.Build.0 = Debug|Any CPU
		{CF7587D6-C460-4B32-9F72-43526AED32A2}.Debug|Any CPU.Deploy.0 = Debug|Any CPU
		{CF7587D6-C460-4B32-9F72-43526AED32A2}.Debug|ARM.ActiveCfg = Debug|ARM
		{CF7587D6-C460-4B32-9F72-43526AED32A2}.Debug|ARM.Build.0 = Debug|ARM
		{CF7587D6-C460-4B32-9F72-43526AED32A2}.Debug|ARM.Deploy.0 = Debug|ARM
		{CF7587D6-C460-4B32-9F72-43526AED32A2}.Debug|iPhone.ActiveCfg = Debug|Any CPU
		{CF7587D6-C460-4B32-9F72-43526AED32A2}.Debug|iPhone.Build.0 = Debug|Any CPU
		{CF7587D6-C460-4B32-9F72-43526AED32A2}.Debug|iPhoneSimulator.ActiveCfg = Debug|Any CPU
		{CF7587D6-C460-4B32-9F72-43526AED32A2}.Debug|iPhoneSimulator.Build.0 = Debug|Any CPU
		{CF7587D6-C460-4B32-9F72-43526AED32A2}.Debug|x64.ActiveCfg = Debug|x64
		{CF7587D6-C460-4B32-9F72-43526AED32A2}.Debug|x64.Build.0 = Debug|x64
		{CF7587D6-C460-4B32-9F72-43526AED32A2}.Debug|x64.Deploy.0 = Debug|x64
		{CF7587D6-C460-4B32-9F72-43526AED32A2}.Debug|x86.ActiveCfg = Debug|x86
		{CF7587D6-C460-4B32-9F72-43526AED32A2}.Debug|x86.Build.0 = Debug|x86
		{CF7587D6-C460-4B32-9F72-43526AED32A2}.Debug|x86.Deploy.0 = Debug|x86
		{CF7587D6-C460-4B32-9F72-43526AED32A2}.Release|Any CPU.ActiveCfg = Release|Any CPU
		{CF7587D6-C460-4B32-9F72-43526AED32A2}.Release|Any CPU.Build.0 = Release|Any CPU
		{CF7587D6-C460-4B32-9F72-43526AED32A2}.Release|Any CPU.Deploy.0 = Release|Any CPU
		{CF7587D6-C460-4B32-9F72-43526AED32A2}.Release|ARM.ActiveCfg = Release|ARM
		{CF7587D6-C460-4B32-9F72-43526AED32A2}.Release|ARM.Build.0 = Release|ARM
		{CF7587D6-C460-4B32-9F72-43526AED32A2}.Release|ARM.Deploy.0 = Release|ARM
		{CF7587D6-C460-4B32-9F72-43526AED32A2}.Release|iPhone.ActiveCfg = Release|Any CPU
		{CF7587D6-C460-4B32-9F72-43526AED32A2}.Release|iPhone.Build.0 = Release|Any CPU
		{CF7587D6-C460-4B32-9F72-43526AED32A2}.Release|iPhoneSimulator.ActiveCfg = Release|Any CPU
		{CF7587D6-C460-4B32-9F72-43526AED32A2}.Release|iPhoneSimulator.Build.0 = Release|Any CPU
		{CF7587D6-C460-4B32-9F72-43526AED32A2}.Release|x64.ActiveCfg = Release|x64
		{CF7587D6-C460-4B32-9F72-43526AED32A2}.Release|x64.Build.0 = Release|x64
		{CF7587D6-C460-4B32-9F72-43526AED32A2}.Release|x64.Deploy.0 = Release|x64
		{CF7587D6-C460-4B32-9F72-43526AED32A2}.Release|x86.ActiveCfg = Release|x86
		{CF7587D6-C460-4B32-9F72-43526AED32A2}.Release|x86.Build.0 = Release|x86
		{CF7587D6-C460-4B32-9F72-43526AED32A2}.Release|x86.Deploy.0 = Release|x86
		{DC68517B-563D-4F5D-BF45-EAE0F882DCCF}.Ad-Hoc|Any CPU.ActiveCfg = Release|Any CPU
		{DC68517B-563D-4F5D-BF45-EAE0F882DCCF}.Ad-Hoc|Any CPU.Build.0 = Release|Any CPU
		{DC68517B-563D-4F5D-BF45-EAE0F882DCCF}.Ad-Hoc|ARM.ActiveCfg = Release|Any CPU
		{DC68517B-563D-4F5D-BF45-EAE0F882DCCF}.Ad-Hoc|iPhone.ActiveCfg = Debug|Any CPU
		{DC68517B-563D-4F5D-BF45-EAE0F882DCCF}.Ad-Hoc|iPhone.Build.0 = Debug|Any CPU
		{DC68517B-563D-4F5D-BF45-EAE0F882DCCF}.Ad-Hoc|iPhoneSimulator.ActiveCfg = Release|Any CPU
		{DC68517B-563D-4F5D-BF45-EAE0F882DCCF}.Ad-Hoc|x64.ActiveCfg = Release|Any CPU
		{DC68517B-563D-4F5D-BF45-EAE0F882DCCF}.Ad-Hoc|x86.ActiveCfg = Release|Any CPU
		{DC68517B-563D-4F5D-BF45-EAE0F882DCCF}.AppStore|Any CPU.ActiveCfg = Release|Any CPU
		{DC68517B-563D-4F5D-BF45-EAE0F882DCCF}.AppStore|Any CPU.Build.0 = Release|Any CPU
		{DC68517B-563D-4F5D-BF45-EAE0F882DCCF}.AppStore|ARM.ActiveCfg = Release|Any CPU
		{DC68517B-563D-4F5D-BF45-EAE0F882DCCF}.AppStore|iPhone.ActiveCfg = Debug|Any CPU
		{DC68517B-563D-4F5D-BF45-EAE0F882DCCF}.AppStore|iPhone.Build.0 = Debug|Any CPU
		{DC68517B-563D-4F5D-BF45-EAE0F882DCCF}.AppStore|iPhoneSimulator.ActiveCfg = Release|Any CPU
		{DC68517B-563D-4F5D-BF45-EAE0F882DCCF}.AppStore|x64.ActiveCfg = Release|Any CPU
		{DC68517B-563D-4F5D-BF45-EAE0F882DCCF}.AppStore|x86.ActiveCfg = Release|Any CPU
		{DC68517B-563D-4F5D-BF45-EAE0F882DCCF}.Debug|Any CPU.ActiveCfg = Debug|Any CPU
		{DC68517B-563D-4F5D-BF45-EAE0F882DCCF}.Debug|Any CPU.Build.0 = Debug|Any CPU
		{DC68517B-563D-4F5D-BF45-EAE0F882DCCF}.Debug|ARM.ActiveCfg = Debug|Any CPU
		{DC68517B-563D-4F5D-BF45-EAE0F882DCCF}.Debug|ARM.Build.0 = Debug|Any CPU
		{DC68517B-563D-4F5D-BF45-EAE0F882DCCF}.Debug|iPhone.ActiveCfg = Debug|Any CPU
		{DC68517B-563D-4F5D-BF45-EAE0F882DCCF}.Debug|iPhone.Build.0 = Debug|Any CPU
		{DC68517B-563D-4F5D-BF45-EAE0F882DCCF}.Debug|iPhoneSimulator.ActiveCfg = Debug|Any CPU
		{DC68517B-563D-4F5D-BF45-EAE0F882DCCF}.Debug|iPhoneSimulator.Build.0 = Debug|Any CPU
		{DC68517B-563D-4F5D-BF45-EAE0F882DCCF}.Debug|x64.ActiveCfg = Debug|Any CPU
		{DC68517B-563D-4F5D-BF45-EAE0F882DCCF}.Debug|x64.Build.0 = Debug|Any CPU
		{DC68517B-563D-4F5D-BF45-EAE0F882DCCF}.Debug|x86.ActiveCfg = Debug|Any CPU
		{DC68517B-563D-4F5D-BF45-EAE0F882DCCF}.Debug|x86.Build.0 = Debug|Any CPU
		{DC68517B-563D-4F5D-BF45-EAE0F882DCCF}.Release|Any CPU.ActiveCfg = Release|Any CPU
		{DC68517B-563D-4F5D-BF45-EAE0F882DCCF}.Release|Any CPU.Build.0 = Release|Any CPU
		{DC68517B-563D-4F5D-BF45-EAE0F882DCCF}.Release|ARM.ActiveCfg = Release|Any CPU
		{DC68517B-563D-4F5D-BF45-EAE0F882DCCF}.Release|ARM.Build.0 = Release|Any CPU
		{DC68517B-563D-4F5D-BF45-EAE0F882DCCF}.Release|iPhone.ActiveCfg = Release|Any CPU
		{DC68517B-563D-4F5D-BF45-EAE0F882DCCF}.Release|iPhone.Build.0 = Release|Any CPU
		{DC68517B-563D-4F5D-BF45-EAE0F882DCCF}.Release|iPhoneSimulator.ActiveCfg = Release|Any CPU
		{DC68517B-563D-4F5D-BF45-EAE0F882DCCF}.Release|iPhoneSimulator.Build.0 = Release|Any CPU
		{DC68517B-563D-4F5D-BF45-EAE0F882DCCF}.Release|x64.ActiveCfg = Release|Any CPU
		{DC68517B-563D-4F5D-BF45-EAE0F882DCCF}.Release|x64.Build.0 = Release|Any CPU
		{DC68517B-563D-4F5D-BF45-EAE0F882DCCF}.Release|x86.ActiveCfg = Release|Any CPU
		{DC68517B-563D-4F5D-BF45-EAE0F882DCCF}.Release|x86.Build.0 = Release|Any CPU
		{9BA3762C-9DF2-4B83-9757-C8736BC899F6}.Ad-Hoc|Any CPU.ActiveCfg = Release|Any CPU
		{9BA3762C-9DF2-4B83-9757-C8736BC899F6}.Ad-Hoc|ARM.ActiveCfg = Release|Any CPU
		{9BA3762C-9DF2-4B83-9757-C8736BC899F6}.Ad-Hoc|iPhone.ActiveCfg = Debug|Any CPU
		{9BA3762C-9DF2-4B83-9757-C8736BC899F6}.Ad-Hoc|iPhone.Build.0 = Debug|Any CPU
		{9BA3762C-9DF2-4B83-9757-C8736BC899F6}.Ad-Hoc|iPhoneSimulator.ActiveCfg = Release|Any CPU
		{9BA3762C-9DF2-4B83-9757-C8736BC899F6}.Ad-Hoc|x64.ActiveCfg = Release|Any CPU
		{9BA3762C-9DF2-4B83-9757-C8736BC899F6}.Ad-Hoc|x86.ActiveCfg = Release|Any CPU
		{9BA3762C-9DF2-4B83-9757-C8736BC899F6}.AppStore|Any CPU.ActiveCfg = Release|Any CPU
		{9BA3762C-9DF2-4B83-9757-C8736BC899F6}.AppStore|ARM.ActiveCfg = Release|Any CPU
		{9BA3762C-9DF2-4B83-9757-C8736BC899F6}.AppStore|iPhone.ActiveCfg = Debug|Any CPU
		{9BA3762C-9DF2-4B83-9757-C8736BC899F6}.AppStore|iPhone.Build.0 = Debug|Any CPU
		{9BA3762C-9DF2-4B83-9757-C8736BC899F6}.AppStore|iPhoneSimulator.ActiveCfg = Release|Any CPU
		{9BA3762C-9DF2-4B83-9757-C8736BC899F6}.AppStore|x64.ActiveCfg = Release|Any CPU
		{9BA3762C-9DF2-4B83-9757-C8736BC899F6}.AppStore|x86.ActiveCfg = Release|Any CPU
		{9BA3762C-9DF2-4B83-9757-C8736BC899F6}.Debug|Any CPU.ActiveCfg = Debug|Any CPU
		{9BA3762C-9DF2-4B83-9757-C8736BC899F6}.Debug|Any CPU.Build.0 = Debug|Any CPU
		{9BA3762C-9DF2-4B83-9757-C8736BC899F6}.Debug|ARM.ActiveCfg = Debug|Any CPU
		{9BA3762C-9DF2-4B83-9757-C8736BC899F6}.Debug|iPhone.ActiveCfg = Debug|Any CPU
		{9BA3762C-9DF2-4B83-9757-C8736BC899F6}.Debug|iPhone.Build.0 = Debug|Any CPU
		{9BA3762C-9DF2-4B83-9757-C8736BC899F6}.Debug|iPhoneSimulator.ActiveCfg = Debug|Any CPU
		{9BA3762C-9DF2-4B83-9757-C8736BC899F6}.Debug|iPhoneSimulator.Build.0 = Debug|Any CPU
		{9BA3762C-9DF2-4B83-9757-C8736BC899F6}.Debug|x64.ActiveCfg = Debug|Any CPU
		{9BA3762C-9DF2-4B83-9757-C8736BC899F6}.Debug|x86.ActiveCfg = Debug|Any CPU
		{9BA3762C-9DF2-4B83-9757-C8736BC899F6}.Release|Any CPU.ActiveCfg = Release|Any CPU
		{9BA3762C-9DF2-4B83-9757-C8736BC899F6}.Release|Any CPU.Build.0 = Release|Any CPU
		{9BA3762C-9DF2-4B83-9757-C8736BC899F6}.Release|ARM.ActiveCfg = Release|Any CPU
		{9BA3762C-9DF2-4B83-9757-C8736BC899F6}.Release|iPhone.ActiveCfg = Release|Any CPU
		{9BA3762C-9DF2-4B83-9757-C8736BC899F6}.Release|iPhone.Build.0 = Release|Any CPU
		{9BA3762C-9DF2-4B83-9757-C8736BC899F6}.Release|iPhoneSimulator.ActiveCfg = Release|Any CPU
		{9BA3762C-9DF2-4B83-9757-C8736BC899F6}.Release|iPhoneSimulator.Build.0 = Release|Any CPU
		{9BA3762C-9DF2-4B83-9757-C8736BC899F6}.Release|x64.ActiveCfg = Release|Any CPU
		{9BA3762C-9DF2-4B83-9757-C8736BC899F6}.Release|x86.ActiveCfg = Release|Any CPU
		{C7AB7BC2-9853-48CF-97E7-6BDE71BF63D2}.Ad-Hoc|Any CPU.ActiveCfg = Ad-Hoc|iPhone
		{C7AB7BC2-9853-48CF-97E7-6BDE71BF63D2}.Ad-Hoc|ARM.ActiveCfg = Ad-Hoc|iPhone
		{C7AB7BC2-9853-48CF-97E7-6BDE71BF63D2}.Ad-Hoc|iPhone.ActiveCfg = Ad-Hoc|iPhone
		{C7AB7BC2-9853-48CF-97E7-6BDE71BF63D2}.Ad-Hoc|iPhone.Build.0 = Ad-Hoc|iPhone
		{C7AB7BC2-9853-48CF-97E7-6BDE71BF63D2}.Ad-Hoc|iPhoneSimulator.ActiveCfg = Ad-Hoc|iPhone
		{C7AB7BC2-9853-48CF-97E7-6BDE71BF63D2}.Ad-Hoc|x64.ActiveCfg = Ad-Hoc|iPhone
		{C7AB7BC2-9853-48CF-97E7-6BDE71BF63D2}.Ad-Hoc|x86.ActiveCfg = Ad-Hoc|iPhone
		{C7AB7BC2-9853-48CF-97E7-6BDE71BF63D2}.AppStore|Any CPU.ActiveCfg = AppStore|iPhone
		{C7AB7BC2-9853-48CF-97E7-6BDE71BF63D2}.AppStore|ARM.ActiveCfg = AppStore|iPhone
		{C7AB7BC2-9853-48CF-97E7-6BDE71BF63D2}.AppStore|iPhone.ActiveCfg = AppStore|iPhone
		{C7AB7BC2-9853-48CF-97E7-6BDE71BF63D2}.AppStore|iPhone.Build.0 = AppStore|iPhone
		{C7AB7BC2-9853-48CF-97E7-6BDE71BF63D2}.AppStore|iPhoneSimulator.ActiveCfg = AppStore|iPhone
		{C7AB7BC2-9853-48CF-97E7-6BDE71BF63D2}.AppStore|x64.ActiveCfg = AppStore|iPhone
		{C7AB7BC2-9853-48CF-97E7-6BDE71BF63D2}.AppStore|x86.ActiveCfg = AppStore|iPhone
		{C7AB7BC2-9853-48CF-97E7-6BDE71BF63D2}.Debug|Any CPU.ActiveCfg = Debug|iPhoneSimulator
		{C7AB7BC2-9853-48CF-97E7-6BDE71BF63D2}.Debug|Any CPU.Build.0 = Debug|iPhoneSimulator
		{C7AB7BC2-9853-48CF-97E7-6BDE71BF63D2}.Debug|ARM.ActiveCfg = Debug|iPhoneSimulator
		{C7AB7BC2-9853-48CF-97E7-6BDE71BF63D2}.Debug|ARM.Build.0 = Debug|iPhoneSimulator
		{C7AB7BC2-9853-48CF-97E7-6BDE71BF63D2}.Debug|iPhone.ActiveCfg = Debug|iPhone
		{C7AB7BC2-9853-48CF-97E7-6BDE71BF63D2}.Debug|iPhone.Build.0 = Debug|iPhone
		{C7AB7BC2-9853-48CF-97E7-6BDE71BF63D2}.Debug|iPhoneSimulator.ActiveCfg = Debug|iPhoneSimulator
		{C7AB7BC2-9853-48CF-97E7-6BDE71BF63D2}.Debug|iPhoneSimulator.Build.0 = Debug|iPhoneSimulator
		{C7AB7BC2-9853-48CF-97E7-6BDE71BF63D2}.Debug|x64.ActiveCfg = Debug|iPhoneSimulator
		{C7AB7BC2-9853-48CF-97E7-6BDE71BF63D2}.Debug|x64.Build.0 = Debug|iPhoneSimulator
		{C7AB7BC2-9853-48CF-97E7-6BDE71BF63D2}.Debug|x86.ActiveCfg = Debug|iPhoneSimulator
		{C7AB7BC2-9853-48CF-97E7-6BDE71BF63D2}.Debug|x86.Build.0 = Debug|iPhoneSimulator
		{C7AB7BC2-9853-48CF-97E7-6BDE71BF63D2}.Release|Any CPU.ActiveCfg = Release|iPhoneSimulator
		{C7AB7BC2-9853-48CF-97E7-6BDE71BF63D2}.Release|Any CPU.Build.0 = Release|iPhoneSimulator
		{C7AB7BC2-9853-48CF-97E7-6BDE71BF63D2}.Release|ARM.ActiveCfg = Release|iPhoneSimulator
		{C7AB7BC2-9853-48CF-97E7-6BDE71BF63D2}.Release|ARM.Build.0 = Release|iPhoneSimulator
		{C7AB7BC2-9853-48CF-97E7-6BDE71BF63D2}.Release|iPhone.ActiveCfg = Release|iPhone
		{C7AB7BC2-9853-48CF-97E7-6BDE71BF63D2}.Release|iPhone.Build.0 = Release|iPhone
		{C7AB7BC2-9853-48CF-97E7-6BDE71BF63D2}.Release|iPhoneSimulator.ActiveCfg = Release|iPhoneSimulator
		{C7AB7BC2-9853-48CF-97E7-6BDE71BF63D2}.Release|iPhoneSimulator.Build.0 = Release|iPhoneSimulator
		{C7AB7BC2-9853-48CF-97E7-6BDE71BF63D2}.Release|x64.ActiveCfg = Release|iPhoneSimulator
		{C7AB7BC2-9853-48CF-97E7-6BDE71BF63D2}.Release|x64.Build.0 = Release|iPhoneSimulator
		{C7AB7BC2-9853-48CF-97E7-6BDE71BF63D2}.Release|x86.ActiveCfg = Release|iPhoneSimulator
		{C7AB7BC2-9853-48CF-97E7-6BDE71BF63D2}.Release|x86.Build.0 = Release|iPhoneSimulator
		{E7F0D3A5-FC91-4A9D-A93C-58E63C3E32A8}.Ad-Hoc|Any CPU.ActiveCfg = Debug|Any CPU
		{E7F0D3A5-FC91-4A9D-A93C-58E63C3E32A8}.Ad-Hoc|ARM.ActiveCfg = Debug|Any CPU
		{E7F0D3A5-FC91-4A9D-A93C-58E63C3E32A8}.Ad-Hoc|iPhone.ActiveCfg = Release|Any CPU
		{E7F0D3A5-FC91-4A9D-A93C-58E63C3E32A8}.Ad-Hoc|iPhone.Build.0 = Release|Any CPU
		{E7F0D3A5-FC91-4A9D-A93C-58E63C3E32A8}.Ad-Hoc|iPhoneSimulator.ActiveCfg = Debug|Any CPU
		{E7F0D3A5-FC91-4A9D-A93C-58E63C3E32A8}.Ad-Hoc|x64.ActiveCfg = Debug|Any CPU
		{E7F0D3A5-FC91-4A9D-A93C-58E63C3E32A8}.Ad-Hoc|x86.ActiveCfg = Debug|Any CPU
		{E7F0D3A5-FC91-4A9D-A93C-58E63C3E32A8}.AppStore|Any CPU.ActiveCfg = Debug|Any CPU
		{E7F0D3A5-FC91-4A9D-A93C-58E63C3E32A8}.AppStore|ARM.ActiveCfg = Debug|Any CPU
		{E7F0D3A5-FC91-4A9D-A93C-58E63C3E32A8}.AppStore|iPhone.ActiveCfg = Release|Any CPU
		{E7F0D3A5-FC91-4A9D-A93C-58E63C3E32A8}.AppStore|iPhone.Build.0 = Release|Any CPU
		{E7F0D3A5-FC91-4A9D-A93C-58E63C3E32A8}.AppStore|iPhoneSimulator.ActiveCfg = Debug|Any CPU
		{E7F0D3A5-FC91-4A9D-A93C-58E63C3E32A8}.AppStore|x64.ActiveCfg = Debug|Any CPU
		{E7F0D3A5-FC91-4A9D-A93C-58E63C3E32A8}.AppStore|x86.ActiveCfg = Debug|Any CPU
		{E7F0D3A5-FC91-4A9D-A93C-58E63C3E32A8}.Debug|Any CPU.ActiveCfg = Debug|Any CPU
		{E7F0D3A5-FC91-4A9D-A93C-58E63C3E32A8}.Debug|Any CPU.Build.0 = Debug|Any CPU
		{E7F0D3A5-FC91-4A9D-A93C-58E63C3E32A8}.Debug|ARM.ActiveCfg = Debug|Any CPU
		{E7F0D3A5-FC91-4A9D-A93C-58E63C3E32A8}.Debug|ARM.Build.0 = Debug|Any CPU
		{E7F0D3A5-FC91-4A9D-A93C-58E63C3E32A8}.Debug|iPhone.ActiveCfg = Debug|Any CPU
		{E7F0D3A5-FC91-4A9D-A93C-58E63C3E32A8}.Debug|iPhone.Build.0 = Debug|Any CPU
		{E7F0D3A5-FC91-4A9D-A93C-58E63C3E32A8}.Debug|iPhoneSimulator.ActiveCfg = Debug|Any CPU
		{E7F0D3A5-FC91-4A9D-A93C-58E63C3E32A8}.Debug|iPhoneSimulator.Build.0 = Debug|Any CPU
		{E7F0D3A5-FC91-4A9D-A93C-58E63C3E32A8}.Debug|x64.ActiveCfg = Debug|Any CPU
		{E7F0D3A5-FC91-4A9D-A93C-58E63C3E32A8}.Debug|x64.Build.0 = Debug|Any CPU
		{E7F0D3A5-FC91-4A9D-A93C-58E63C3E32A8}.Debug|x86.ActiveCfg = Debug|Any CPU
		{E7F0D3A5-FC91-4A9D-A93C-58E63C3E32A8}.Debug|x86.Build.0 = Debug|Any CPU
		{E7F0D3A5-FC91-4A9D-A93C-58E63C3E32A8}.Release|Any CPU.ActiveCfg = Release|Any CPU
		{E7F0D3A5-FC91-4A9D-A93C-58E63C3E32A8}.Release|Any CPU.Build.0 = Release|Any CPU
		{E7F0D3A5-FC91-4A9D-A93C-58E63C3E32A8}.Release|ARM.ActiveCfg = Release|Any CPU
		{E7F0D3A5-FC91-4A9D-A93C-58E63C3E32A8}.Release|ARM.Build.0 = Release|Any CPU
		{E7F0D3A5-FC91-4A9D-A93C-58E63C3E32A8}.Release|iPhone.ActiveCfg = Release|Any CPU
		{E7F0D3A5-FC91-4A9D-A93C-58E63C3E32A8}.Release|iPhone.Build.0 = Release|Any CPU
		{E7F0D3A5-FC91-4A9D-A93C-58E63C3E32A8}.Release|iPhoneSimulator.ActiveCfg = Release|Any CPU
		{E7F0D3A5-FC91-4A9D-A93C-58E63C3E32A8}.Release|iPhoneSimulator.Build.0 = Release|Any CPU
		{E7F0D3A5-FC91-4A9D-A93C-58E63C3E32A8}.Release|x64.ActiveCfg = Release|Any CPU
		{E7F0D3A5-FC91-4A9D-A93C-58E63C3E32A8}.Release|x64.Build.0 = Release|Any CPU
		{E7F0D3A5-FC91-4A9D-A93C-58E63C3E32A8}.Release|x86.ActiveCfg = Release|Any CPU
		{E7F0D3A5-FC91-4A9D-A93C-58E63C3E32A8}.Release|x86.Build.0 = Release|Any CPU
		{369E5302-6587-4C6A-B330-F172A54C1FDE}.Ad-Hoc|Any CPU.ActiveCfg = Release|Any CPU
		{369E5302-6587-4C6A-B330-F172A54C1FDE}.Ad-Hoc|Any CPU.Build.0 = Release|Any CPU
		{369E5302-6587-4C6A-B330-F172A54C1FDE}.Ad-Hoc|ARM.ActiveCfg = Release|Any CPU
		{369E5302-6587-4C6A-B330-F172A54C1FDE}.Ad-Hoc|ARM.Build.0 = Release|Any CPU
		{369E5302-6587-4C6A-B330-F172A54C1FDE}.Ad-Hoc|iPhone.ActiveCfg = Release|Any CPU
		{369E5302-6587-4C6A-B330-F172A54C1FDE}.Ad-Hoc|iPhone.Build.0 = Release|Any CPU
		{369E5302-6587-4C6A-B330-F172A54C1FDE}.Ad-Hoc|iPhoneSimulator.ActiveCfg = Release|Any CPU
		{369E5302-6587-4C6A-B330-F172A54C1FDE}.Ad-Hoc|iPhoneSimulator.Build.0 = Release|Any CPU
		{369E5302-6587-4C6A-B330-F172A54C1FDE}.Ad-Hoc|x64.ActiveCfg = Release|Any CPU
		{369E5302-6587-4C6A-B330-F172A54C1FDE}.Ad-Hoc|x64.Build.0 = Release|Any CPU
		{369E5302-6587-4C6A-B330-F172A54C1FDE}.Ad-Hoc|x86.ActiveCfg = Release|Any CPU
		{369E5302-6587-4C6A-B330-F172A54C1FDE}.Ad-Hoc|x86.Build.0 = Release|Any CPU
		{369E5302-6587-4C6A-B330-F172A54C1FDE}.AppStore|Any CPU.ActiveCfg = Release|Any CPU
		{369E5302-6587-4C6A-B330-F172A54C1FDE}.AppStore|Any CPU.Build.0 = Release|Any CPU
		{369E5302-6587-4C6A-B330-F172A54C1FDE}.AppStore|ARM.ActiveCfg = Release|Any CPU
		{369E5302-6587-4C6A-B330-F172A54C1FDE}.AppStore|ARM.Build.0 = Release|Any CPU
		{369E5302-6587-4C6A-B330-F172A54C1FDE}.AppStore|iPhone.ActiveCfg = Release|Any CPU
		{369E5302-6587-4C6A-B330-F172A54C1FDE}.AppStore|iPhone.Build.0 = Release|Any CPU
		{369E5302-6587-4C6A-B330-F172A54C1FDE}.AppStore|iPhoneSimulator.ActiveCfg = Release|Any CPU
		{369E5302-6587-4C6A-B330-F172A54C1FDE}.AppStore|iPhoneSimulator.Build.0 = Release|Any CPU
		{369E5302-6587-4C6A-B330-F172A54C1FDE}.AppStore|x64.ActiveCfg = Release|Any CPU
		{369E5302-6587-4C6A-B330-F172A54C1FDE}.AppStore|x64.Build.0 = Release|Any CPU
		{369E5302-6587-4C6A-B330-F172A54C1FDE}.AppStore|x86.ActiveCfg = Release|Any CPU
		{369E5302-6587-4C6A-B330-F172A54C1FDE}.AppStore|x86.Build.0 = Release|Any CPU
		{369E5302-6587-4C6A-B330-F172A54C1FDE}.Debug|Any CPU.ActiveCfg = Debug|Any CPU
		{369E5302-6587-4C6A-B330-F172A54C1FDE}.Debug|Any CPU.Build.0 = Debug|Any CPU
		{369E5302-6587-4C6A-B330-F172A54C1FDE}.Debug|ARM.ActiveCfg = Debug|Any CPU
		{369E5302-6587-4C6A-B330-F172A54C1FDE}.Debug|ARM.Build.0 = Debug|Any CPU
		{369E5302-6587-4C6A-B330-F172A54C1FDE}.Debug|iPhone.ActiveCfg = Debug|Any CPU
		{369E5302-6587-4C6A-B330-F172A54C1FDE}.Debug|iPhone.Build.0 = Debug|Any CPU
		{369E5302-6587-4C6A-B330-F172A54C1FDE}.Debug|iPhoneSimulator.ActiveCfg = Debug|Any CPU
		{369E5302-6587-4C6A-B330-F172A54C1FDE}.Debug|iPhoneSimulator.Build.0 = Debug|Any CPU
		{369E5302-6587-4C6A-B330-F172A54C1FDE}.Debug|x64.ActiveCfg = Debug|Any CPU
		{369E5302-6587-4C6A-B330-F172A54C1FDE}.Debug|x64.Build.0 = Debug|Any CPU
		{369E5302-6587-4C6A-B330-F172A54C1FDE}.Debug|x86.ActiveCfg = Debug|Any CPU
		{369E5302-6587-4C6A-B330-F172A54C1FDE}.Debug|x86.Build.0 = Debug|Any CPU
		{369E5302-6587-4C6A-B330-F172A54C1FDE}.Release|Any CPU.ActiveCfg = Release|Any CPU
		{369E5302-6587-4C6A-B330-F172A54C1FDE}.Release|Any CPU.Build.0 = Release|Any CPU
		{369E5302-6587-4C6A-B330-F172A54C1FDE}.Release|ARM.ActiveCfg = Release|Any CPU
		{369E5302-6587-4C6A-B330-F172A54C1FDE}.Release|ARM.Build.0 = Release|Any CPU
		{369E5302-6587-4C6A-B330-F172A54C1FDE}.Release|iPhone.ActiveCfg = Release|Any CPU
		{369E5302-6587-4C6A-B330-F172A54C1FDE}.Release|iPhone.Build.0 = Release|Any CPU
		{369E5302-6587-4C6A-B330-F172A54C1FDE}.Release|iPhoneSimulator.ActiveCfg = Release|Any CPU
		{369E5302-6587-4C6A-B330-F172A54C1FDE}.Release|iPhoneSimulator.Build.0 = Release|Any CPU
		{369E5302-6587-4C6A-B330-F172A54C1FDE}.Release|x64.ActiveCfg = Release|Any CPU
		{369E5302-6587-4C6A-B330-F172A54C1FDE}.Release|x64.Build.0 = Release|Any CPU
		{369E5302-6587-4C6A-B330-F172A54C1FDE}.Release|x86.ActiveCfg = Release|Any CPU
		{369E5302-6587-4C6A-B330-F172A54C1FDE}.Release|x86.Build.0 = Release|Any CPU
		{FC5C433C-D261-4215-8C5D-1496A0830F01}.Ad-Hoc|Any CPU.ActiveCfg = Release|Any CPU
		{FC5C433C-D261-4215-8C5D-1496A0830F01}.Ad-Hoc|Any CPU.Build.0 = Release|Any CPU
		{FC5C433C-D261-4215-8C5D-1496A0830F01}.Ad-Hoc|Any CPU.Deploy.0 = Release|Any CPU
		{FC5C433C-D261-4215-8C5D-1496A0830F01}.Ad-Hoc|ARM.ActiveCfg = Release|ARM
		{FC5C433C-D261-4215-8C5D-1496A0830F01}.Ad-Hoc|ARM.Build.0 = Release|ARM
		{FC5C433C-D261-4215-8C5D-1496A0830F01}.Ad-Hoc|ARM.Deploy.0 = Release|ARM
		{FC5C433C-D261-4215-8C5D-1496A0830F01}.Ad-Hoc|iPhone.ActiveCfg = Release|Any CPU
		{FC5C433C-D261-4215-8C5D-1496A0830F01}.Ad-Hoc|iPhoneSimulator.ActiveCfg = Release|Any CPU
		{FC5C433C-D261-4215-8C5D-1496A0830F01}.Ad-Hoc|x64.ActiveCfg = Release|Any CPU
		{FC5C433C-D261-4215-8C5D-1496A0830F01}.Ad-Hoc|x86.ActiveCfg = Release|x86
		{FC5C433C-D261-4215-8C5D-1496A0830F01}.Ad-Hoc|x86.Build.0 = Release|x86
		{FC5C433C-D261-4215-8C5D-1496A0830F01}.Ad-Hoc|x86.Deploy.0 = Release|x86
		{FC5C433C-D261-4215-8C5D-1496A0830F01}.AppStore|Any CPU.ActiveCfg = Release|Any CPU
		{FC5C433C-D261-4215-8C5D-1496A0830F01}.AppStore|Any CPU.Build.0 = Release|Any CPU
		{FC5C433C-D261-4215-8C5D-1496A0830F01}.AppStore|Any CPU.Deploy.0 = Release|Any CPU
		{FC5C433C-D261-4215-8C5D-1496A0830F01}.AppStore|ARM.ActiveCfg = Release|ARM
		{FC5C433C-D261-4215-8C5D-1496A0830F01}.AppStore|ARM.Build.0 = Release|ARM
		{FC5C433C-D261-4215-8C5D-1496A0830F01}.AppStore|ARM.Deploy.0 = Release|ARM
		{FC5C433C-D261-4215-8C5D-1496A0830F01}.AppStore|iPhone.ActiveCfg = Release|Any CPU
		{FC5C433C-D261-4215-8C5D-1496A0830F01}.AppStore|iPhoneSimulator.ActiveCfg = Release|Any CPU
		{FC5C433C-D261-4215-8C5D-1496A0830F01}.AppStore|x64.ActiveCfg = Release|Any CPU
		{FC5C433C-D261-4215-8C5D-1496A0830F01}.AppStore|x86.ActiveCfg = Release|x86
		{FC5C433C-D261-4215-8C5D-1496A0830F01}.AppStore|x86.Build.0 = Release|x86
		{FC5C433C-D261-4215-8C5D-1496A0830F01}.AppStore|x86.Deploy.0 = Release|x86
		{FC5C433C-D261-4215-8C5D-1496A0830F01}.Debug|Any CPU.ActiveCfg = Debug|Any CPU
		{FC5C433C-D261-4215-8C5D-1496A0830F01}.Debug|Any CPU.Build.0 = Debug|Any CPU
		{FC5C433C-D261-4215-8C5D-1496A0830F01}.Debug|Any CPU.Deploy.0 = Debug|Any CPU
		{FC5C433C-D261-4215-8C5D-1496A0830F01}.Debug|ARM.ActiveCfg = Debug|ARM
		{FC5C433C-D261-4215-8C5D-1496A0830F01}.Debug|ARM.Build.0 = Debug|ARM
		{FC5C433C-D261-4215-8C5D-1496A0830F01}.Debug|ARM.Deploy.0 = Debug|ARM
		{FC5C433C-D261-4215-8C5D-1496A0830F01}.Debug|iPhone.ActiveCfg = Debug|Any CPU
		{FC5C433C-D261-4215-8C5D-1496A0830F01}.Debug|iPhoneSimulator.ActiveCfg = Debug|Any CPU
		{FC5C433C-D261-4215-8C5D-1496A0830F01}.Debug|x64.ActiveCfg = Debug|Any CPU
		{FC5C433C-D261-4215-8C5D-1496A0830F01}.Debug|x86.ActiveCfg = Debug|x86
		{FC5C433C-D261-4215-8C5D-1496A0830F01}.Debug|x86.Build.0 = Debug|x86
		{FC5C433C-D261-4215-8C5D-1496A0830F01}.Debug|x86.Deploy.0 = Debug|x86
		{FC5C433C-D261-4215-8C5D-1496A0830F01}.Release|Any CPU.ActiveCfg = Release|Any CPU
		{FC5C433C-D261-4215-8C5D-1496A0830F01}.Release|Any CPU.Build.0 = Release|Any CPU
		{FC5C433C-D261-4215-8C5D-1496A0830F01}.Release|Any CPU.Deploy.0 = Release|Any CPU
		{FC5C433C-D261-4215-8C5D-1496A0830F01}.Release|ARM.ActiveCfg = Release|ARM
		{FC5C433C-D261-4215-8C5D-1496A0830F01}.Release|ARM.Build.0 = Release|ARM
		{FC5C433C-D261-4215-8C5D-1496A0830F01}.Release|ARM.Deploy.0 = Release|ARM
		{FC5C433C-D261-4215-8C5D-1496A0830F01}.Release|iPhone.ActiveCfg = Release|Any CPU
		{FC5C433C-D261-4215-8C5D-1496A0830F01}.Release|iPhoneSimulator.ActiveCfg = Release|Any CPU
		{FC5C433C-D261-4215-8C5D-1496A0830F01}.Release|x64.ActiveCfg = Release|Any CPU
		{FC5C433C-D261-4215-8C5D-1496A0830F01}.Release|x86.ActiveCfg = Release|x86
		{FC5C433C-D261-4215-8C5D-1496A0830F01}.Release|x86.Build.0 = Release|x86
		{FC5C433C-D261-4215-8C5D-1496A0830F01}.Release|x86.Deploy.0 = Release|x86
	EndGlobalSection
	GlobalSection(SolutionProperties) = preSolution
		HideSolutionNode = FALSE
	EndGlobalSection
	GlobalSection(MonoDevelopProperties) = preSolution
		StartupItem = PhotoGliderIOS\PhotoGliderIOS.csproj
	EndGlobalSection
EndGlobal
